Microsoft Visual Studio Solution File, Format Version 11.00
# Visual Studio 2010
Project("{E097FAD1-6243-4DAD-9C02-E9B9EFC3FFC1}") = "Assembly-CSharp", "Assembly-CSharp.csproj", "{BAF2B9B6-F614-C237-78B4-BC5E03BA1C32}"
EndProject
Project("{E097FAD1-6243-4DAD-9C02-E9B9EFC3FFC1}") = "Assembly-CSharp-Editor-firstpass", "Assembly-CSharp-Editor-firstpass.csproj", "{3BD8AFBA-7E8A-B806-1FEA-6FA03EB46103}"
EndProject
Global
	GlobalSection(SolutionConfigurationPlatforms) = preSolution
		Debug|Any CPU = Debug|Any CPU
		Release|Any CPU = Release|Any CPU
	EndGlobalSection
	GlobalSection(ProjectConfigurationPlatforms) = postSolution
		{BAF2B9B6-F614-C237-78B4-BC5E03BA1C32}.Debug|Any CPU.ActiveCfg = Debug|Any CPU
		{BAF2B9B6-F614-C237-78B4-BC5E03BA1C32}.Debug|Any CPU.Build.0 = Debug|Any CPU
		{BAF2B9B6-F614-C237-78B4-BC5E03BA1C32}.Release|Any CPU.ActiveCfg = Release|Any CPU
		{BAF2B9B6-F614-C237-78B4-BC5E03BA1C32}.Release|Any CPU.Build.0 = Release|Any CPU
		{3BD8AFBA-7E8A-B806-1FEA-6FA03EB46103}.Debug|Any CPU.ActiveCfg = Debug|Any CPU
		{3BD8AFBA-7E8A-B806-1FEA-6FA03EB46103}.Debug|Any CPU.Build.0 = Debug|Any CPU
		{3BD8AFBA-7E8A-B806-1FEA-6FA03EB46103}.Release|Any CPU.ActiveCfg = Release|Any CPU
		{3BD8AFBA-7E8A-B806-1FEA-6FA03EB46103}.Release|Any CPU.Build.0 = Release|Any CPU
	EndGlobalSection
	GlobalSection(SolutionProperties) = preSolution
		HideSolutionNode = FALSE
	EndGlobalSection
	GlobalSection(MonoDevelopProperties) = preSolution
		StartupItem = Assembly-CSharp.csproj
	EndGlobalSection
EndGlobal
